
Microsoft Visual Studio Solution File, Format Version 11.00
# Visual Studio 2010
Project("{FAE04EC0-301F-11D3-BF4B-00C04F79EFBC}") = "GoogleAdmobSample-Classic", "GoogleAdmobSample\GoogleAdmobSample-Classic.csproj", "{3763BA3C-0394-46CD-AD16-A75A9C9ACD1F}"
EndProject
Global
	GlobalSection(SolutionConfigurationPlatforms) = preSolution
		Debug|iPhoneSimulator = Debug|iPhoneSimulator
		Release|iPhoneSimulator = Release|iPhoneSimulator
		Debug|iPhone = Debug|iPhone
		Release|iPhone = Release|iPhone
		Ad-Hoc|iPhone = Ad-Hoc|iPhone
		AppStore|iPhone = AppStore|iPhone
	EndGlobalSection
	GlobalSection(ProjectConfigurationPlatforms) = postSolution
		{3763BA3C-0394-46CD-AD16-A75A9C9ACD1F}.Ad-Hoc|iPhone.ActiveCfg = Ad-Hoc|iPhone
		{3763BA3C-0394-46CD-AD16-A75A9C9ACD1F}.Ad-Hoc|iPhone.Build.0 = Ad-Hoc|iPhone
		{3763BA3C-0394-46CD-AD16-A75A9C9ACD1F}.AppStore|iPhone.ActiveCfg = AppStore|iPhone
		{3763BA3C-0394-46CD-AD16-A75A9C9ACD1F}.AppStore|iPhone.Build.0 = AppStore|iPhone
		{3763BA3C-0394-46CD-AD16-A75A9C9ACD1F}.Debug|iPhone.ActiveCfg = Debug|iPhone
		{3763BA3C-0394-46CD-AD16-A75A9C9ACD1F}.Debug|iPhone.Build.0 = Debug|iPhone
		{3763BA3C-0394-46CD-AD16-A75A9C9ACD1F}.Debug|iPhoneSimulator.ActiveCfg = Debug|iPhoneSimulator
		{3763BA3C-0394-46CD-AD16-A75A9C9ACD1F}.Debug|iPhoneSimulator.Build.0 = Debug|iPhoneSimulator
		{3763BA3C-0394-46CD-AD16-A75A9C9ACD1F}.Release|iPhone.ActiveCfg = Release|iPhone
		{3763BA3C-0394-46CD-AD16-A75A9C9ACD1F}.Release|iPhone.Build.0 = Release|iPhone
		{3763BA3C-0394-46CD-AD16-A75A9C9ACD1F}.Release|iPhoneSimulator.ActiveCfg = Release|iPhoneSimulator
		{3763BA3C-0394-46CD-AD16-A75A9C9ACD1F}.Release|iPhoneSimulator.Build.0 = Release|iPhoneSimulator
	EndGlobalSection
	GlobalSection(MonoDevelopProperties) = preSolution
		StartupItem = GoogleAdmobSample\GoogleAdmobSample-Classic.csproj
	EndGlobalSection
EndGlobal
